
Microsoft Visual Studio Solution File, Format Version 12.00
# Visual Studio Version 17
VisualStudioVersion = 17.0.31521.260
MinimumVisualStudioVersion = 10.0.40219.1
Project("{8BC9CEB8-8B4A-11D0-8D11-00A0C91BC942}") = "Atlas", "Atlas.vcxproj", "{9BCF537C-0209-4933-83A7-8FDD70E2A5C9}"
EndProject
Global
	GlobalSection(SolutionConfigurationPlatforms) = preSolution
		Debug|x64 = Debug|x64
		Release|x64 = Release|x64
	EndGlobalSection
	GlobalSection(ProjectConfigurationPlatforms) = postSolution
		{9BCF537C-0209-4933-83A7-8FDD70E2A5C9}.Debug|x64.ActiveCfg = Debug|x64
		{9BCF537C-0209-4933-83A7-8FDD70E2A5C9}.Debug|x64.Build.0 = Debug|x64
		{9BCF537C-0209-4933-83A7-8FDD70E2A5C9}.Release|x64.ActiveCfg = Release|x64
		{9BCF537C-0209-4933-83A7-8FDD70E2A5C9}.Release|x64.Build.0 = Release|x64
	EndGlobalSection
	GlobalSection(SolutionProperties) = preSolution
		HideSolutionNode = FALSE
	EndGlobalSection
	GlobalSection(ExtensibilityGlobals) = postSolution
		SolutionGuid = {4E453269-FC61-45CA-83EA-9A55B837ED34}
	EndGlobalSection
EndGlobal
